// !$*UTF8*$!
{
	archiveVersion = 1;
	classes = {
	};
	objectVersion = 50;
	objects = {

/* Begin PBXBuildFile section */
		6C09F40B2353AF8D006AF93D /* ExtensionImage + CreatingNewHeroTableViewController.swift in Sources */ = {isa = PBXBuildFile; fileRef = 6C09F40A2353AF8D006AF93D /* ExtensionImage + CreatingNewHeroTableViewController.swift */; };
		6C39E78D235357A100ED9D71 /* Heroes DetailVCEctention.swift in Sources */ = {isa = PBXBuildFile; fileRef = 6C39E78C235357A100ED9D71 /* Heroes DetailVCEctention.swift */; };
		6C5B2CBC2351D43F0082352C /* HeroViewCell.swift in Sources */ = {isa = PBXBuildFile; fileRef = 6C5B2CBB2351D43F0082352C /* HeroViewCell.swift */; };
		6C6525672354910100ACEF9F /* File.swift in Sources */ = {isa = PBXBuildFile; fileRef = 6C6525662354910100ACEF9F /* File.swift */; };
		6C730F3E23544FCC00B556ED /* NewHeroDelegate.swift in Sources */ = {isa = PBXBuildFile; fileRef = 6C730F3D23544FCC00B556ED /* NewHeroDelegate.swift */; };
		6CB16F6D2351F30C00D75170 /* ExtensionDelegate + HeroesTableViewController.swift in Sources */ = {isa = PBXBuildFile; fileRef = 6CB16F6C2351F30C00D75170 /* ExtensionDelegate + HeroesTableViewController.swift */; };
		6CFABB0C2351C11600FB9C5B /* AppDelegate.swift in Sources */ = {isa = PBXBuildFile; fileRef = 6CFABB0B2351C11600FB9C5B /* AppDelegate.swift */; };
		6CFABB0E2351C11600FB9C5B /* SceneDelegate.swift in Sources */ = {isa = PBXBuildFile; fileRef = 6CFABB0D2351C11600FB9C5B /* SceneDelegate.swift */; };
		6CFABB102351C11600FB9C5B /* HeroDetailViewController.swift in Sources */ = {isa = PBXBuildFile; fileRef = 6CFABB0F2351C11600FB9C5B /* HeroDetailViewController.swift */; };
		6CFABB132351C11600FB9C5B /* Main.storyboard in Resources */ = {isa = PBXBuildFile; fileRef = 6CFABB112351C11600FB9C5B /* Main.storyboard */; };
		6CFABB152351C11600FB9C5B /* Assets.xcassets in Resources */ = {isa = PBXBuildFile; fileRef = 6CFABB142351C11600FB9C5B /* Assets.xcassets */; };
		6CFABB182351C11600FB9C5B /* LaunchScreen.storyboard in Resources */ = {isa = PBXBuildFile; fileRef = 6CFABB162351C11600FB9C5B /* LaunchScreen.storyboard */; };
		6CFABB202351C1C700FB9C5B /* HeroesTableViewController.swift in Sources */ = {isa = PBXBuildFile; fileRef = 6CFABB1F2351C1C700FB9C5B /* HeroesTableViewController.swift */; };
		6CFABB222351C21600FB9C5B /* Hero.swift in Sources */ = {isa = PBXBuildFile; fileRef = 6CFABB212351C21600FB9C5B /* Hero.swift */; };
		6CFABB262351C30300FB9C5B /* HeroesDataManager.swift in Sources */ = {isa = PBXBuildFile; fileRef = 6CFABB252351C30300FB9C5B /* HeroesDataManager.swift */; };
		BEA33238235318F60085B0FA /* NewHeroTableViewController.swift in Sources */ = {isa = PBXBuildFile; fileRef = BEA33237235318F60085B0FA /* NewHeroTableViewController.swift */; };
/* End PBXBuildFile section */

/* Begin PBXFileReference section */
		6C09F40A2353AF8D006AF93D /* ExtensionImage + CreatingNewHeroTableViewController.swift */ = {isa = PBXFileReference; lastKnownFileType = sourcecode.swift; path = "ExtensionImage + CreatingNewHeroTableViewController.swift"; sourceTree = "<group>"; };
		6C39E78C235357A100ED9D71 /* Heroes DetailVCEctention.swift */ = {isa = PBXFileReference; lastKnownFileType = sourcecode.swift; path = "Heroes DetailVCEctention.swift"; sourceTree = "<group>"; };
		6C5B2CBB2351D43F0082352C /* HeroViewCell.swift */ = {isa = PBXFileReference; lastKnownFileType = sourcecode.swift; path = HeroViewCell.swift; sourceTree = "<group>"; };
		6C6525662354910100ACEF9F /* File.swift */ = {isa = PBXFileReference; lastKnownFileType = sourcecode.swift; path = File.swift; sourceTree = "<group>"; };
		6C730F3D23544FCC00B556ED /* NewHeroDelegate.swift */ = {isa = PBXFileReference; lastKnownFileType = sourcecode.swift; path = NewHeroDelegate.swift; sourceTree = "<group>"; };
		6CB16F6C2351F30C00D75170 /* ExtensionDelegate + HeroesTableViewController.swift */ = {isa = PBXFileReference; lastKnownFileType = sourcecode.swift; path = "ExtensionDelegate + HeroesTableViewController.swift"; sourceTree = "<group>"; };
		6CFABB082351C11600FB9C5B /* Dream Team.app */ = {isa = PBXFileReference; explicitFileType = wrapper.application; includeInIndex = 0; path = "Dream Team.app"; sourceTree = BUILT_PRODUCTS_DIR; };
		6CFABB0B2351C11600FB9C5B /* AppDelegate.swift */ = {isa = PBXFileReference; lastKnownFileType = sourcecode.swift; path = AppDelegate.swift; sourceTree = "<group>"; };
		6CFABB0D2351C11600FB9C5B /* SceneDelegate.swift */ = {isa = PBXFileReference; lastKnownFileType = sourcecode.swift; path = SceneDelegate.swift; sourceTree = "<group>"; };
		6CFABB0F2351C11600FB9C5B /* HeroDetailViewController.swift */ = {isa = PBXFileReference; lastKnownFileType = sourcecode.swift; path = HeroDetailViewController.swift; sourceTree = "<group>"; };
		6CFABB122351C11600FB9C5B /* Base */ = {isa = PBXFileReference; lastKnownFileType = file.storyboard; name = Base; path = Base.lproj/Main.storyboard; sourceTree = "<group>"; };
		6CFABB142351C11600FB9C5B /* Assets.xcassets */ = {isa = PBXFileReference; lastKnownFileType = folder.assetcatalog; path = Assets.xcassets; sourceTree = "<group>"; };
		6CFABB172351C11600FB9C5B /* Base */ = {isa = PBXFileReference; lastKnownFileType = file.storyboard; name = Base; path = Base.lproj/LaunchScreen.storyboard; sourceTree = "<group>"; };
		6CFABB192351C11600FB9C5B /* Info.plist */ = {isa = PBXFileReference; lastKnownFileType = text.plist.xml; path = Info.plist; sourceTree = "<group>"; };
		6CFABB1F2351C1C700FB9C5B /* HeroesTableViewController.swift */ = {isa = PBXFileReference; lastKnownFileType = sourcecode.swift; path = HeroesTableViewController.swift; sourceTree = "<group>"; };
		6CFABB212351C21600FB9C5B /* Hero.swift */ = {isa = PBXFileReference; lastKnownFileType = sourcecode.swift; path = Hero.swift; sourceTree = "<group>"; };
		6CFABB252351C30300FB9C5B /* HeroesDataManager.swift */ = {isa = PBXFileReference; lastKnownFileType = sourcecode.swift; path = HeroesDataManager.swift; sourceTree = "<group>"; };
		BEA33237235318F60085B0FA /* NewHeroTableViewController.swift */ = {isa = PBXFileReference; lastKnownFileType = sourcecode.swift; path = NewHeroTableViewController.swift; sourceTree = "<group>"; };
/* End PBXFileReference section */

/* Begin PBXFrameworksBuildPhase section */
		6CFABB052351C11600FB9C5B /* Frameworks */ = {
			isa = PBXFrameworksBuildPhase;
			buildActionMask = 2147483647;
			files = (
			);
			runOnlyForDeploymentPostprocessing = 0;
		};
/* End PBXFrameworksBuildPhase section */

/* Begin PBXGroup section */
		6C5B2CBD2351D4580082352C /* HeroesTableView */ = {
			isa = PBXGroup;
			children = (
				6C5B2CBB2351D43F0082352C /* HeroViewCell.swift */,
			);
			path = HeroesTableView;
			sourceTree = "<group>";
		};
		6CFABAFF2351C11600FB9C5B = {
			isa = PBXGroup;
			children = (
				6CFABB0A2351C11600FB9C5B /* Dream Team */,
				6CFABB092351C11600FB9C5B /* Products */,
			);
			sourceTree = "<group>";
		};
		6CFABB092351C11600FB9C5B /* Products */ = {
			isa = PBXGroup;
			children = (
				6CFABB082351C11600FB9C5B /* Dream Team.app */,
			);
			name = Products;
			sourceTree = "<group>";
		};
		6CFABB0A2351C11600FB9C5B /* Dream Team */ = {
			isa = PBXGroup;
			children = (
				6CFABB272351C36A00FB9C5B /* App */,
				6CFABB2C2351C3E500FB9C5B /* HeroesDataManage */,
				6CFABB292351C3AC00FB9C5B /* HeroeDetailController */,
				BEA332362353188D0085B0FA /* NewHeroTableController */,
				6CFABB2D2351C3F700FB9C5B /* HeroesTableController */,
				6C5B2CBD2351D4580082352C /* HeroesTableView */,
				6CFABB2A2351C3BB00FB9C5B /* Model */,
				6CFABB2E2351C41900FB9C5B /* Resoiurces */,
				6CFABB282351C38C00FB9C5B /* Storyboards */,
				6CFABB192351C11600FB9C5B /* Info.plist */,
			);
			path = "Dream Team";
			sourceTree = "<group>";
		};
		6CFABB272351C36A00FB9C5B /* App */ = {
			isa = PBXGroup;
			children = (
				6CFABB0B2351C11600FB9C5B /* AppDelegate.swift */,
				6CFABB0D2351C11600FB9C5B /* SceneDelegate.swift */,
			);
			path = App;
			sourceTree = "<group>";
		};
		6CFABB282351C38C00FB9C5B /* Storyboards */ = {
			isa = PBXGroup;
			children = (
				6CFABB112351C11600FB9C5B /* Main.storyboard */,
				6CFABB162351C11600FB9C5B /* LaunchScreen.storyboard */,
			);
			path = Storyboards;
			sourceTree = "<group>";
		};
		6CFABB292351C3AC00FB9C5B /* HeroeDetailController */ = {
			isa = PBXGroup;
			children = (
				6CFABB0F2351C11600FB9C5B /* HeroDetailViewController.swift */,
				6C39E78C235357A100ED9D71 /* Heroes DetailVCEctention.swift */,
			);
			path = HeroeDetailController;
			sourceTree = "<group>";
		};
		6CFABB2A2351C3BB00FB9C5B /* Model */ = {
			isa = PBXGroup;
			children = (
				6CFABB212351C21600FB9C5B /* Hero.swift */,
			);
			path = Model;
			sourceTree = "<group>";
		};
		6CFABB2C2351C3E500FB9C5B /* HeroesDataManage */ = {
			isa = PBXGroup;
			children = (
				6CFABB252351C30300FB9C5B /* HeroesDataManager.swift */,
			);
			path = HeroesDataManage;
			sourceTree = "<group>";
		};
		6CFABB2D2351C3F700FB9C5B /* HeroesTableController */ = {
			isa = PBXGroup;
			children = (
				6CFABB1F2351C1C700FB9C5B /* HeroesTableViewController.swift */,
				6CB16F6C2351F30C00D75170 /* ExtensionDelegate + HeroesTableViewController.swift */,
			);
			path = HeroesTableController;
			sourceTree = "<group>";
		};
		6CFABB2E2351C41900FB9C5B /* Resoiurces */ = {
			isa = PBXGroup;
			children = (
				6CFABB142351C11600FB9C5B /* Assets.xcassets */,
			);
			path = Resoiurces;
			sourceTree = "<group>";
		};
		BEA332362353188D0085B0FA /* NewHeroTableController */ = {
			isa = PBXGroup;
			children = (
				BEA33237235318F60085B0FA /* NewHeroTableViewController.swift */,
				6C09F40A2353AF8D006AF93D /* ExtensionImage + CreatingNewHeroTableViewController.swift */,
				6C730F3D23544FCC00B556ED /* NewHeroDelegate.swift */,
				6C6525662354910100ACEF9F /* File.swift */,
			);
			path = NewHeroTableController;
			sourceTree = "<group>";
		};
/* End PBXGroup section */

/* Begin PBXNativeTarget section */
		6CFABB072351C11600FB9C5B /* Dream Team */ = {
			isa = PBXNativeTarget;
			buildConfigurationList = 6CFABB1C2351C11600FB9C5B /* Build configuration list for PBXNativeTarget "Dream Team" */;
			buildPhases = (
				6CFABB042351C11600FB9C5B /* Sources */,
				6CFABB052351C11600FB9C5B /* Frameworks */,
				6CFABB062351C11600FB9C5B /* Resources */,
			);
			buildRules = (
			);
			dependencies = (
			);
			name = "Dream Team";
			productName = "Dream Team";
			productReference = 6CFABB082351C11600FB9C5B /* Dream Team.app */;
			productType = "com.apple.product-type.application";
		};
/* End PBXNativeTarget section */

/* Begin PBXProject section */
		6CFABB002351C11600FB9C5B /* Project object */ = {
			isa = PBXProject;
			attributes = {
				LastSwiftUpdateCheck = 1110;
				LastUpgradeCheck = 1110;
				ORGANIZATIONNAME = "Денис Иванов";
				TargetAttributes = {
					6CFABB072351C11600FB9C5B = {
						CreatedOnToolsVersion = 11.1;
					};
				};
			};
			buildConfigurationList = 6CFABB032351C11600FB9C5B /* Build configuration list for PBXProject "Dream Team" */;
			compatibilityVersion = "Xcode 9.3";
			developmentRegion = en;
			hasScannedForEncodings = 0;
			knownRegions = (
				en,
				Base,
			);
			mainGroup = 6CFABAFF2351C11600FB9C5B;
			productRefGroup = 6CFABB092351C11600FB9C5B /* Products */;
			projectDirPath = "";
			projectRoot = "";
			targets = (
				6CFABB072351C11600FB9C5B /* Dream Team */,
			);
		};
/* End PBXProject section */

/* Begin PBXResourcesBuildPhase section */
		6CFABB062351C11600FB9C5B /* Resources */ = {
			isa = PBXResourcesBuildPhase;
			buildActionMask = 2147483647;
			files = (
				6CFABB182351C11600FB9C5B /* LaunchScreen.storyboard in Resources */,
				6CFABB152351C11600FB9C5B /* Assets.xcassets in Resources */,
				6CFABB132351C11600FB9C5B /* Main.storyboard in Resources */,
			);
			runOnlyForDeploymentPostprocessing = 0;
		};
/* End PBXResourcesBuildPhase section */

/* Begin PBXSourcesBuildPhase section */
		6CFABB042351C11600FB9C5B /* Sources */ = {
			isa = PBXSourcesBuildPhase;
			buildActionMask = 2147483647;
			files = (
				6CB16F6D2351F30C00D75170 /* ExtensionDelegate + HeroesTableViewController.swift in Sources */,
				6CFABB222351C21600FB9C5B /* Hero.swift in Sources */,
				6C09F40B2353AF8D006AF93D /* ExtensionImage + CreatingNewHeroTableViewController.swift in Sources */,
				6CFABB262351C30300FB9C5B /* HeroesDataManager.swift in Sources */,
				6CFABB102351C11600FB9C5B /* HeroDetailViewController.swift in Sources */,
				6C5B2CBC2351D43F0082352C /* HeroViewCell.swift in Sources */,
				6CFABB0C2351C11600FB9C5B /* AppDelegate.swift in Sources */,
				6C730F3E23544FCC00B556ED /* NewHeroDelegate.swift in Sources */,
				6CFABB0E2351C11600FB9C5B /* SceneDelegate.swift in Sources */,
				BEA33238235318F60085B0FA /* NewHeroTableViewController.swift in Sources */,
				6C6525672354910100ACEF9F /* File.swift in Sources */,
				6C39E78D235357A100ED9D71 /* Heroes DetailVCEctention.swift in Sources */,
				6CFABB202351C1C700FB9C5B /* HeroesTableViewController.swift in Sources */,
			);
			runOnlyForDeploymentPostprocessing = 0;
		};
/* End PBXSourcesBuildPhase section */

/* Begin PBXVariantGroup section */
		6CFABB112351C11600FB9C5B /* Main.storyboard */ = {
			isa = PBXVariantGroup;
			children = (
				6CFABB122351C11600FB9C5B /* Base */,
			);
			name = Main.storyboard;
			sourceTree = "<group>";
		};
		6CFABB162351C11600FB9C5B /* LaunchScreen.storyboard */ = {
			isa = PBXVariantGroup;
			children = (
				6CFABB172351C11600FB9C5B /* Base */,
			);
			name = LaunchScreen.storyboard;
			sourceTree = "<group>";
		};
/* End PBXVariantGroup section */

/* Begin XCBuildConfiguration section */
		6CFABB1A2351C11600FB9C5B /* Debug */ = {
			isa = XCBuildConfiguration;
			buildSettings = {
				ALWAYS_SEARCH_USER_PATHS = NO;
				CLANG_ANALYZER_NONNULL = YES;
				CLANG_ANALYZER_NUMBER_OBJECT_CONVERSION = YES_AGGRESSIVE;
				CLANG_CXX_LANGUAGE_STANDARD = "gnu++14";
				CLANG_CXX_LIBRARY = "libc++";
				CLANG_ENABLE_MODULES = YES;
				CLANG_ENABLE_OBJC_ARC = YES;
				CLANG_ENABLE_OBJC_WEAK = YES;
				CLANG_WARN_BLOCK_CAPTURE_AUTORELEASING = YES;
				CLANG_WARN_BOOL_CONVERSION = YES;
				CLANG_WARN_COMMA = YES;
				CLANG_WARN_CONSTANT_CONVERSION = YES;
				CLANG_WARN_DEPRECATED_OBJC_IMPLEMENTATIONS = YES;
				CLANG_WARN_DIRECT_OBJC_ISA_USAGE = YES_ERROR;
				CLANG_WARN_DOCUMENTATION_COMMENTS = YES;
				CLANG_WARN_EMPTY_BODY = YES;
				CLANG_WARN_ENUM_CONVERSION = YES;
				CLANG_WARN_INFINITE_RECURSION = YES;
				CLANG_WARN_INT_CONVERSION = YES;
				CLANG_WARN_NON_LITERAL_NULL_CONVERSION = YES;
				CLANG_WARN_OBJC_IMPLICIT_RETAIN_SELF = YES;
				CLANG_WARN_OBJC_LITERAL_CONVERSION = YES;
				CLANG_WARN_OBJC_ROOT_CLASS = YES_ERROR;
				CLANG_WARN_RANGE_LOOP_ANALYSIS = YES;
				CLANG_WARN_STRICT_PROTOTYPES = YES;
				CLANG_WARN_SUSPICIOUS_MOVE = YES;
				CLANG_WARN_UNGUARDED_AVAILABILITY = YES_AGGRESSIVE;
				CLANG_WARN_UNREACHABLE_CODE = YES;
				CLANG_WARN__DUPLICATE_METHOD_MATCH = YES;
				COPY_PHASE_STRIP = NO;
				DEBUG_INFORMATION_FORMAT = dwarf;
				ENABLE_STRICT_OBJC_MSGSEND = YES;
				ENABLE_TESTABILITY = YES;
				GCC_C_LANGUAGE_STANDARD = gnu11;
				GCC_DYNAMIC_NO_PIC = NO;
				GCC_NO_COMMON_BLOCKS = YES;
				GCC_OPTIMIZATION_LEVEL = 0;
				GCC_PREPROCESSOR_DEFINITIONS = (
					"DEBUG=1",
					"$(inherited)",
				);
				GCC_WARN_64_TO_32_BIT_CONVERSION = YES;
				GCC_WARN_ABOUT_RETURN_TYPE = YES_ERROR;
				GCC_WARN_UNDECLARED_SELECTOR = YES;
				GCC_WARN_UNINITIALIZED_AUTOS = YES_AGGRESSIVE;
				GCC_WARN_UNUSED_FUNCTION = YES;
				GCC_WARN_UNUSED_VARIABLE = YES;
				IPHONEOS_DEPLOYMENT_TARGET = 13.0;
				MTL_ENABLE_DEBUG_INFO = INCLUDE_SOURCE;
				MTL_FAST_MATH = YES;
				ONLY_ACTIVE_ARCH = YES;
				SDKROOT = iphoneos;
				SWIFT_ACTIVE_COMPILATION_CONDITIONS = DEBUG;
				SWIFT_OPTIMIZATION_LEVEL = "-Onone";
			};
			name = Debug;
		};
		6CFABB1B2351C11600FB9C5B /* Release */ = {
			isa = XCBuildConfiguration;
			buildSettings = {
				ALWAYS_SEARCH_USER_PATHS = NO;
				CLANG_ANALYZER_NONNULL = YES;
				CLANG_ANALYZER_NUMBER_OBJECT_CONVERSION = YES_AGGRESSIVE;
				CLANG_CXX_LANGUAGE_STANDARD = "gnu++14";
				CLANG_CXX_LIBRARY = "libc++";
				CLANG_ENABLE_MODULES = YES;
				CLANG_ENABLE_OBJC_ARC = YES;
				CLANG_ENABLE_OBJC_WEAK = YES;
				CLANG_WARN_BLOCK_CAPTURE_AUTORELEASING = YES;
				CLANG_WARN_BOOL_CONVERSION = YES;
				CLANG_WARN_COMMA = YES;
				CLANG_WARN_CONSTANT_CONVERSION = YES;
				CLANG_WARN_DEPRECATED_OBJC_IMPLEMENTATIONS = YES;
				CLANG_WARN_DIRECT_OBJC_ISA_USAGE = YES_ERROR;
				CLANG_WARN_DOCUMENTATION_COMMENTS = YES;
				CLANG_WARN_EMPTY_BODY = YES;
				CLANG_WARN_ENUM_CONVERSION = YES;
				CLANG_WARN_INFINITE_RECURSION = YES;
				CLANG_WARN_INT_CONVERSION = YES;
				CLANG_WARN_NON_LITERAL_NULL_CONVERSION = YES;
				CLANG_WARN_OBJC_IMPLICIT_RETAIN_SELF = YES;
				CLANG_WARN_OBJC_LITERAL_CONVERSION = YES;
				CLANG_WARN_OBJC_ROOT_CLASS = YES_ERROR;
				CLANG_WARN_RANGE_LOOP_ANALYSIS = YES;
				CLANG_WARN_STRICT_PROTOTYPES = YES;
				CLANG_WARN_SUSPICIOUS_MOVE = YES;
				CLANG_WARN_UNGUARDED_AVAILABILITY = YES_AGGRESSIVE;
				CLANG_WARN_UNREACHABLE_CODE = YES;
				CLANG_WARN__DUPLICATE_METHOD_MATCH = YES;
				COPY_PHASE_STRIP = NO;
				DEBUG_INFORMATION_FORMAT = "dwarf-with-dsym";
				ENABLE_NS_ASSERTIONS = NO;
				ENABLE_STRICT_OBJC_MSGSEND = YES;
				GCC_C_LANGUAGE_STANDARD = gnu11;
				GCC_NO_COMMON_BLOCKS = YES;
				GCC_WARN_64_TO_32_BIT_CONVERSION = YES;
				GCC_WARN_ABOUT_RETURN_TYPE = YES_ERROR;
				GCC_WARN_UNDECLARED_SELECTOR = YES;
				GCC_WARN_UNINITIALIZED_AUTOS = YES_AGGRESSIVE;
				GCC_WARN_UNUSED_FUNCTION = YES;
				GCC_WARN_UNUSED_VARIABLE = YES;
				IPHONEOS_DEPLOYMENT_TARGET = 13.0;
				MTL_ENABLE_DEBUG_INFO = NO;
				MTL_FAST_MATH = YES;
				SDKROOT = iphoneos;
				SWIFT_COMPILATION_MODE = wholemodule;
				SWIFT_OPTIMIZATION_LEVEL = "-O";
				VALIDATE_PRODUCT = YES;
			};
			name = Release;
		};
		6CFABB1D2351C11600FB9C5B /* Debug */ = {
			isa = XCBuildConfiguration;
			buildSettings = {
				ASSETCATALOG_COMPILER_APPICON_NAME = AppIcon;
				CODE_SIGN_STYLE = Automatic;
				DEVELOPMENT_TEAM = 7B369WKZS6;
				INFOPLIST_FILE = "Dream Team/Info.plist";
				LD_RUNPATH_SEARCH_PATHS = (
					"$(inherited)",
					"@executable_path/Frameworks",
				);
				PRODUCT_BUNDLE_IDENTIFIER = "com.123.Dream-Team";
				PRODUCT_NAME = "$(TARGET_NAME)";
				SWIFT_VERSION = 5.0;
				TARGETED_DEVICE_FAMILY = "1,2";
			};
			name = Debug;
		};
		6CFABB1E2351C11600FB9C5B /* Release */ = {
			isa = XCBuildConfiguration;
			buildSettings = {
				ASSETCATALOG_COMPILER_APPICON_NAME = AppIcon;
				CODE_SIGN_STYLE = Automatic;
				DEVELOPMENT_TEAM = 7B369WKZS6;
				INFOPLIST_FILE = "Dream Team/Info.plist";
				LD_RUNPATH_SEARCH_PATHS = (
					"$(inherited)",
					"@executable_path/Frameworks",
				);
				PRODUCT_BUNDLE_IDENTIFIER = "com.123.Dream-Team";
				PRODUCT_NAME = "$(TARGET_NAME)";
				SWIFT_VERSION = 5.0;
				TARGETED_DEVICE_FAMILY = "1,2";
			};
			name = Release;
		};
/* End XCBuildConfiguration section */

/* Begin XCConfigurationList section */
		6CFABB032351C11600FB9C5B /* Build configuration list for PBXProject "Dream Team" */ = {
			isa = XCConfigurationList;
			buildConfigurations = (
				6CFABB1A2351C11600FB9C5B /* Debug */,
				6CFABB1B2351C11600FB9C5B /* Release */,
			);
			defaultConfigurationIsVisible = 0;
			defaultConfigurationName = Release;
		};
		6CFABB1C2351C11600FB9C5B /* Build configuration list for PBXNativeTarget "Dream Team" */ = {
			isa = XCConfigurationList;
			buildConfigurations = (
				6CFABB1D2351C11600FB9C5B /* Debug */,
				6CFABB1E2351C11600FB9C5B /* Release */,
			);
			defaultConfigurationIsVisible = 0;
			defaultConfigurationName = Release;
		};
/* End XCConfigurationList section */
	};
	rootObject = 6CFABB002351C11600FB9C5B /* Project object */;
}
